
Microsoft Visual Studio Solution File, Format Version 12.00
# Visual Studio Version 16
VisualStudioVersion = 16.0.28922.388
MinimumVisualStudioVersion = 10.0.40219.1
Project("{FAE04EC0-301F-11D3-BF4B-00C04F79EFBC}") = "kOS.Cli", "kOS.Cli\kOS.Cli.csproj", "{869431BB-B460-4988-AF37-BF26207A2D49}"
EndProject
Project("{FAE04EC0-301F-11D3-BF4B-00C04F79EFBC}") = "kOS.Safe", "kOS\src\kOS.Safe\kOS.Safe.csproj", "{590FFDA8-7B44-4BC3-A12A-5FFE2BB7D8FD}"
EndProject
Global
	GlobalSection(SolutionConfigurationPlatforms) = preSolution
		Debug|Any CPU = Debug|Any CPU
		Release|Any CPU = Release|Any CPU
		Shell|Any CPU = Shell|Any CPU
	EndGlobalSection
	GlobalSection(ProjectConfigurationPlatforms) = postSolution
		{869431BB-B460-4988-AF37-BF26207A2D49}.Debug|Any CPU.ActiveCfg = Debug|Any CPU
		{869431BB-B460-4988-AF37-BF26207A2D49}.Debug|Any CPU.Build.0 = Debug|Any CPU
		{869431BB-B460-4988-AF37-BF26207A2D49}.Release|Any CPU.ActiveCfg = Release|Any CPU
		{869431BB-B460-4988-AF37-BF26207A2D49}.Release|Any CPU.Build.0 = Release|Any CPU
		{869431BB-B460-4988-AF37-BF26207A2D49}.Shell|Any CPU.ActiveCfg = Release|Any CPU
		{869431BB-B460-4988-AF37-BF26207A2D49}.Shell|Any CPU.Build.0 = Release|Any CPU
		{590FFDA8-7B44-4BC3-A12A-5FFE2BB7D8FD}.Debug|Any CPU.ActiveCfg = Debug|Any CPU
		{590FFDA8-7B44-4BC3-A12A-5FFE2BB7D8FD}.Debug|Any CPU.Build.0 = Debug|Any CPU
		{590FFDA8-7B44-4BC3-A12A-5FFE2BB7D8FD}.Release|Any CPU.ActiveCfg = Release|Any CPU
		{590FFDA8-7B44-4BC3-A12A-5FFE2BB7D8FD}.Release|Any CPU.Build.0 = Release|Any CPU
		{590FFDA8-7B44-4BC3-A12A-5FFE2BB7D8FD}.Shell|Any CPU.ActiveCfg = Shell|Any CPU
		{590FFDA8-7B44-4BC3-A12A-5FFE2BB7D8FD}.Shell|Any CPU.Build.0 = Shell|Any CPU
	EndGlobalSection
	GlobalSection(SolutionProperties) = preSolution
		HideSolutionNode = FALSE
	EndGlobalSection
	GlobalSection(ExtensibilityGlobals) = postSolution
		SolutionGuid = {2E42362E-C61D-436B-BF99-C39B969C8816}
	EndGlobalSection
EndGlobal
